// !$*UTF8*$!
{
	archiveVersion = 1;
	classes = {
	};
	objectVersion = 55;
	objects = {

/* Begin PBXBuildFile section */
		D7AEFFD2279705730009816A /* TrkrMultiPlatformApp.swift in Sources */ = {isa = PBXBuildFile; fileRef = D7AEFFC22797056B0009816A /* TrkrMultiPlatformApp.swift */; };
		D7AEFFD3279705730009816A /* TrkrMultiPlatformApp.swift in Sources */ = {isa = PBXBuildFile; fileRef = D7AEFFC22797056B0009816A /* TrkrMultiPlatformApp.swift */; };
		D7AEFFD6279705730009816A /* Assets.xcassets in Resources */ = {isa = PBXBuildFile; fileRef = D7AEFFC4279705720009816A /* Assets.xcassets */; };
		D7AEFFD7279705730009816A /* Assets.xcassets in Resources */ = {isa = PBXBuildFile; fileRef = D7AEFFC4279705720009816A /* Assets.xcassets */; };
		D7AEFFE4279707150009816A /* tips.json in Resources */ = {isa = PBXBuildFile; fileRef = D7AEFFE2279707150009816A /* tips.json */; };
		D7AEFFE5279707150009816A /* tips.json in Resources */ = {isa = PBXBuildFile; fileRef = D7AEFFE2279707150009816A /* tips.json */; };
		D7AEFFE6279707150009816A /* locations.json in Resources */ = {isa = PBXBuildFile; fileRef = D7AEFFE3279707150009816A /* locations.json */; };
		D7AEFFE7279707150009816A /* locations.json in Resources */ = {isa = PBXBuildFile; fileRef = D7AEFFE3279707150009816A /* locations.json */; };
		D7AEFFE9279707E80009816A /* Location.swift in Sources */ = {isa = PBXBuildFile; fileRef = D7AEFFE8279707E80009816A /* Location.swift */; };
		D7AEFFEA279707E80009816A /* Location.swift in Sources */ = {isa = PBXBuildFile; fileRef = D7AEFFE8279707E80009816A /* Location.swift */; };
		D7AEFFF027970B610009816A /* LocationDetail.swift in Sources */ = {isa = PBXBuildFile; fileRef = D7AEFFEF27970B610009816A /* LocationDetail.swift */; };
		D7AEFFF127970B610009816A /* LocationDetail.swift in Sources */ = {isa = PBXBuildFile; fileRef = D7AEFFEF27970B610009816A /* LocationDetail.swift */; };
		D7AEFFF327985C890009816A /* LocationStore.swift in Sources */ = {isa = PBXBuildFile; fileRef = D7AEFFF227985C880009816A /* LocationStore.swift */; };
		D7AEFFF427985C8A0009816A /* LocationStore.swift in Sources */ = {isa = PBXBuildFile; fileRef = D7AEFFF227985C880009816A /* LocationStore.swift */; };
		D7AEFFF6279860120009816A /* LocationList.swift in Sources */ = {isa = PBXBuildFile; fileRef = D7AEFFF5279860120009816A /* LocationList.swift */; };
		D7AEFFF7279860120009816A /* LocationList.swift in Sources */ = {isa = PBXBuildFile; fileRef = D7AEFFF5279860120009816A /* LocationList.swift */; };
/* End PBXBuildFile section */

/* Begin PBXFileReference section */
		D7AEFFC22797056B0009816A /* TrkrMultiPlatformApp.swift */ = {isa = PBXFileReference; lastKnownFileType = sourcecode.swift; path = TrkrMultiPlatformApp.swift; sourceTree = "<group>"; };
		D7AEFFC4279705720009816A /* Assets.xcassets */ = {isa = PBXFileReference; lastKnownFileType = folder.assetcatalog; path = Assets.xcassets; sourceTree = "<group>"; };
		D7AEFFC9279705730009816A /* TrkrMultiPlatform.app */ = {isa = PBXFileReference; explicitFileType = wrapper.application; includeInIndex = 0; path = TrkrMultiPlatform.app; sourceTree = BUILT_PRODUCTS_DIR; };
		D7AEFFCF279705730009816A /* TrkrMultiPlatform.app */ = {isa = PBXFileReference; explicitFileType = wrapper.application; includeInIndex = 0; path = TrkrMultiPlatform.app; sourceTree = BUILT_PRODUCTS_DIR; };
		D7AEFFD1279705730009816A /* macOS.entitlements */ = {isa = PBXFileReference; lastKnownFileType = text.plist.entitlements; path = macOS.entitlements; sourceTree = "<group>"; };
		D7AEFFE2279707150009816A /* tips.json */ = {isa = PBXFileReference; fileEncoding = 4; lastKnownFileType = text.json; path = tips.json; sourceTree = "<group>"; };
		D7AEFFE3279707150009816A /* locations.json */ = {isa = PBXFileReference; fileEncoding = 4; lastKnownFileType = text.json; path = locations.json; sourceTree = "<group>"; };
		D7AEFFE8279707E80009816A /* Location.swift */ = {isa = PBXFileReference; lastKnownFileType = sourcecode.swift; path = Location.swift; sourceTree = "<group>"; };
		D7AEFFEF27970B610009816A /* LocationDetail.swift */ = {isa = PBXFileReference; lastKnownFileType = sourcecode.swift; path = LocationDetail.swift; sourceTree = "<group>"; };
		D7AEFFF227985C880009816A /* LocationStore.swift */ = {isa = PBXFileReference; lastKnownFileType = sourcecode.swift; path = LocationStore.swift; sourceTree = "<group>"; };
		D7AEFFF5279860120009816A /* LocationList.swift */ = {isa = PBXFileReference; lastKnownFileType = sourcecode.swift; path = LocationList.swift; sourceTree = "<group>"; };
/* End PBXFileReference section */

/* Begin PBXFrameworksBuildPhase section */
		D7AEFFC6279705730009816A /* Frameworks */ = {
			isa = PBXFrameworksBuildPhase;
			buildActionMask = 2147483647;
			files = (
			);
			runOnlyForDeploymentPostprocessing = 0;
		};
		D7AEFFCC279705730009816A /* Frameworks */ = {
			isa = PBXFrameworksBuildPhase;
			buildActionMask = 2147483647;
			files = (
			);
			runOnlyForDeploymentPostprocessing = 0;
		};
/* End PBXFrameworksBuildPhase section */

/* Begin PBXGroup section */
		D7AEFFBC279705690009816A = {
			isa = PBXGroup;
			children = (
				D7AEFFC12797056A0009816A /* Shared */,
				D7AEFFD0279705730009816A /* macOS */,
				D7AEFFCA279705730009816A /* Products */,
			);
			sourceTree = "<group>";
		};
		D7AEFFC12797056A0009816A /* Shared */ = {
			isa = PBXGroup;
			children = (
				D7AEFFC22797056B0009816A /* TrkrMultiPlatformApp.swift */,
				D7AEFFE1279705B60009816A /* Model */,
				D7AEFFE0279705A30009816A /* Views */,
				D7AEFFC4279705720009816A /* Assets.xcassets */,
			);
			path = Shared;
			sourceTree = "<group>";
		};
		D7AEFFCA279705730009816A /* Products */ = {
			isa = PBXGroup;
			children = (
				D7AEFFC9279705730009816A /* TrkrMultiPlatform.app */,
				D7AEFFCF279705730009816A /* TrkrMultiPlatform.app */,
			);
			name = Products;
			sourceTree = "<group>";
		};
		D7AEFFD0279705730009816A /* macOS */ = {
			isa = PBXGroup;
			children = (
				D7AEFFD1279705730009816A /* macOS.entitlements */,
			);
			path = macOS;
			sourceTree = "<group>";
		};
		D7AEFFE0279705A30009816A /* Views */ = {
			isa = PBXGroup;
			children = (
				D7AEFFEF27970B610009816A /* LocationDetail.swift */,
				D7AEFFF5279860120009816A /* LocationList.swift */,
			);
			path = Views;
			sourceTree = "<group>";
		};
		D7AEFFE1279705B60009816A /* Model */ = {
			isa = PBXGroup;
			children = (
				D7AEFFE3279707150009816A /* locations.json */,
				D7AEFFE2279707150009816A /* tips.json */,
				D7AEFFE8279707E80009816A /* Location.swift */,
				D7AEFFF227985C880009816A /* LocationStore.swift */,
			);
			path = Model;
			sourceTree = "<group>";
		};
/* End PBXGroup section */

/* Begin PBXNativeTarget section */
		D7AEFFC8279705730009816A /* TrkrMultiPlatform (iOS) */ = {
			isa = PBXNativeTarget;
			buildConfigurationList = D7AEFFDA279705730009816A /* Build configuration list for PBXNativeTarget "TrkrMultiPlatform (iOS)" */;
			buildPhases = (
				D7AEFFC5279705730009816A /* Sources */,
				D7AEFFC6279705730009816A /* Frameworks */,
				D7AEFFC7279705730009816A /* Resources */,
			);
			buildRules = (
			);
			dependencies = (
			);
			name = "TrkrMultiPlatform (iOS)";
			productName = "TrkrMultiPlatform (iOS)";
			productReference = D7AEFFC9279705730009816A /* TrkrMultiPlatform.app */;
			productType = "com.apple.product-type.application";
		};
		D7AEFFCE279705730009816A /* TrkrMultiPlatform (macOS) */ = {
			isa = PBXNativeTarget;
			buildConfigurationList = D7AEFFDD279705730009816A /* Build configuration list for PBXNativeTarget "TrkrMultiPlatform (macOS)" */;
			buildPhases = (
				D7AEFFCB279705730009816A /* Sources */,
				D7AEFFCC279705730009816A /* Frameworks */,
				D7AEFFCD279705730009816A /* Resources */,
			);
			buildRules = (
			);
			dependencies = (
			);
			name = "TrkrMultiPlatform (macOS)";
			productName = "TrkrMultiPlatform (macOS)";
			productReference = D7AEFFCF279705730009816A /* TrkrMultiPlatform.app */;
			productType = "com.apple.product-type.application";
		};
/* End PBXNativeTarget section */

/* Begin PBXProject section */
		D7AEFFBD279705690009816A /* Project object */ = {
			isa = PBXProject;
			attributes = {
				BuildIndependentTargetsInParallel = 1;
				LastSwiftUpdateCheck = 1320;
				LastUpgradeCheck = 1320;
				TargetAttributes = {
					D7AEFFC8279705730009816A = {
						CreatedOnToolsVersion = 13.2.1;
					};
					D7AEFFCE279705730009816A = {
						CreatedOnToolsVersion = 13.2.1;
					};
				};
			};
			buildConfigurationList = D7AEFFC0279705690009816A /* Build configuration list for PBXProject "TrkrMultiPlatform" */;
			compatibilityVersion = "Xcode 13.0";
			developmentRegion = en;
			hasScannedForEncodings = 0;
			knownRegions = (
				en,
				Base,
			);
			mainGroup = D7AEFFBC279705690009816A;
			productRefGroup = D7AEFFCA279705730009816A /* Products */;
			projectDirPath = "";
			projectRoot = "";
			targets = (
				D7AEFFC8279705730009816A /* TrkrMultiPlatform (iOS) */,
				D7AEFFCE279705730009816A /* TrkrMultiPlatform (macOS) */,
			);
		};
/* End PBXProject section */

/* Begin PBXResourcesBuildPhase section */
		D7AEFFC7279705730009816A /* Resources */ = {
			isa = PBXResourcesBuildPhase;
			buildActionMask = 2147483647;
			files = (
				D7AEFFD6279705730009816A /* Assets.xcassets in Resources */,
				D7AEFFE6279707150009816A /* locations.json in Resources */,
				D7AEFFE4279707150009816A /* tips.json in Resources */,
			);
			runOnlyForDeploymentPostprocessing = 0;
		};
		D7AEFFCD279705730009816A /* Resources */ = {
			isa = PBXResourcesBuildPhase;
			buildActionMask = 2147483647;
			files = (
				D7AEFFD7279705730009816A /* Assets.xcassets in Resources */,
				D7AEFFE7279707150009816A /* locations.json in Resources */,
				D7AEFFE5279707150009816A /* tips.json in Resources */,
			);
			runOnlyForDeploymentPostprocessing = 0;
		};
/* End PBXResourcesBuildPhase section */

/* Begin PBXSourcesBuildPhase section */
		D7AEFFC5279705730009816A /* Sources */ = {
			isa = PBXSourcesBuildPhase;
			buildActionMask = 2147483647;
			files = (
				D7AEFFF327985C890009816A /* LocationStore.swift in Sources */,
				D7AEFFE9279707E80009816A /* Location.swift in Sources */,
				D7AEFFD2279705730009816A /* TrkrMultiPlatformApp.swift in Sources */,
				D7AEFFF027970B610009816A /* LocationDetail.swift in Sources */,
				D7AEFFF6279860120009816A /* LocationList.swift in Sources */,
			);
			runOnlyForDeploymentPostprocessing = 0;
		};
		D7AEFFCB279705730009816A /* Sources */ = {
			isa = PBXSourcesBuildPhase;
			buildActionMask = 2147483647;
			files = (
				D7AEFFF427985C8A0009816A /* LocationStore.swift in Sources */,
				D7AEFFEA279707E80009816A /* Location.swift in Sources */,
				D7AEFFD3279705730009816A /* TrkrMultiPlatformApp.swift in Sources */,
				D7AEFFF127970B610009816A /* LocationDetail.swift in Sources */,
				D7AEFFF7279860120009816A /* LocationList.swift in Sources */,
			);
			runOnlyForDeploymentPostprocessing = 0;
		};
/* End PBXSourcesBuildPhase section */

/* Begin XCBuildConfiguration section */
		D7AEFFD8279705730009816A /* Debug */ = {
			isa = XCBuildConfiguration;
			buildSettings = {
				ALWAYS_SEARCH_USER_PATHS = NO;
				CLANG_ANALYZER_NONNULL = YES;
				CLANG_ANALYZER_NUMBER_OBJECT_CONVERSION = YES_AGGRESSIVE;
				CLANG_CXX_LANGUAGE_STANDARD = "gnu++17";
				CLANG_CXX_LIBRARY = "libc++";
				CLANG_ENABLE_MODULES = YES;
				CLANG_ENABLE_OBJC_ARC = YES;
				CLANG_ENABLE_OBJC_WEAK = YES;
				CLANG_WARN_BLOCK_CAPTURE_AUTORELEASING = YES;
				CLANG_WARN_BOOL_CONVERSION = YES;
				CLANG_WARN_COMMA = YES;
				CLANG_WARN_CONSTANT_CONVERSION = YES;
				CLANG_WARN_DEPRECATED_OBJC_IMPLEMENTATIONS = YES;
				CLANG_WARN_DIRECT_OBJC_ISA_USAGE = YES_ERROR;
				CLANG_WARN_DOCUMENTATION_COMMENTS = YES;
				CLANG_WARN_EMPTY_BODY = YES;
				CLANG_WARN_ENUM_CONVERSION = YES;
				CLANG_WARN_INFINITE_RECURSION = YES;
				CLANG_WARN_INT_CONVERSION = YES;
				CLANG_WARN_NON_LITERAL_NULL_CONVERSION = YES;
				CLANG_WARN_OBJC_IMPLICIT_RETAIN_SELF = YES;
				CLANG_WARN_OBJC_LITERAL_CONVERSION = YES;
				CLANG_WARN_OBJC_ROOT_CLASS = YES_ERROR;
				CLANG_WARN_QUOTED_INCLUDE_IN_FRAMEWORK_HEADER = YES;
				CLANG_WARN_RANGE_LOOP_ANALYSIS = YES;
				CLANG_WARN_STRICT_PROTOTYPES = YES;
				CLANG_WARN_SUSPICIOUS_MOVE = YES;
				CLANG_WARN_UNGUARDED_AVAILABILITY = YES_AGGRESSIVE;
				CLANG_WARN_UNREACHABLE_CODE = YES;
				CLANG_WARN__DUPLICATE_METHOD_MATCH = YES;
				COPY_PHASE_STRIP = NO;
				DEBUG_INFORMATION_FORMAT = dwarf;
				ENABLE_STRICT_OBJC_MSGSEND = YES;
				ENABLE_TESTABILITY = YES;
				GCC_C_LANGUAGE_STANDARD = gnu11;
				GCC_DYNAMIC_NO_PIC = NO;
				GCC_NO_COMMON_BLOCKS = YES;
				GCC_OPTIMIZATION_LEVEL = 0;
				GCC_PREPROCESSOR_DEFINITIONS = (
					"DEBUG=1",
					"$(inherited)",
				);
				GCC_WARN_64_TO_32_BIT_CONVERSION = YES;
				GCC_WARN_ABOUT_RETURN_TYPE = YES_ERROR;
				GCC_WARN_UNDECLARED_SELECTOR = YES;
				GCC_WARN_UNINITIALIZED_AUTOS = YES_AGGRESSIVE;
				GCC_WARN_UNUSED_FUNCTION = YES;
				GCC_WARN_UNUSED_VARIABLE = YES;
				MTL_ENABLE_DEBUG_INFO = INCLUDE_SOURCE;
				MTL_FAST_MATH = YES;
				ONLY_ACTIVE_ARCH = YES;
				SWIFT_ACTIVE_COMPILATION_CONDITIONS = DEBUG;
				SWIFT_OPTIMIZATION_LEVEL = "-Onone";
			};
			name = Debug;
		};
		D7AEFFD9279705730009816A /* Release */ = {
			isa = XCBuildConfiguration;
			buildSettings = {
				ALWAYS_SEARCH_USER_PATHS = NO;
				CLANG_ANALYZER_NONNULL = YES;
				CLANG_ANALYZER_NUMBER_OBJECT_CONVERSION = YES_AGGRESSIVE;
				CLANG_CXX_LANGUAGE_STANDARD = "gnu++17";
				CLANG_CXX_LIBRARY = "libc++";
				CLANG_ENABLE_MODULES = YES;
				CLANG_ENABLE_OBJC_ARC = YES;
				CLANG_ENABLE_OBJC_WEAK = YES;
				CLANG_WARN_BLOCK_CAPTURE_AUTORELEASING = YES;
				CLANG_WARN_BOOL_CONVERSION = YES;
				CLANG_WARN_COMMA = YES;
				CLANG_WARN_CONSTANT_CONVERSION = YES;
				CLANG_WARN_DEPRECATED_OBJC_IMPLEMENTATIONS = YES;
				CLANG_WARN_DIRECT_OBJC_ISA_USAGE = YES_ERROR;
				CLANG_WARN_DOCUMENTATION_COMMENTS = YES;
				CLANG_WARN_EMPTY_BODY = YES;
				CLANG_WARN_ENUM_CONVERSION = YES;
				CLANG_WARN_INFINITE_RECURSION = YES;
				CLANG_WARN_INT_CONVERSION = YES;
				CLANG_WARN_NON_LITERAL_NULL_CONVERSION = YES;
				CLANG_WARN_OBJC_IMPLICIT_RETAIN_SELF = YES;
				CLANG_WARN_OBJC_LITERAL_CONVERSION = YES;
				CLANG_WARN_OBJC_ROOT_CLASS = YES_ERROR;
				CLANG_WARN_QUOTED_INCLUDE_IN_FRAMEWORK_HEADER = YES;
				CLANG_WARN_RANGE_LOOP_ANALYSIS = YES;
				CLANG_WARN_STRICT_PROTOTYPES = YES;
				CLANG_WARN_SUSPICIOUS_MOVE = YES;
				CLANG_WARN_UNGUARDED_AVAILABILITY = YES_AGGRESSIVE;
				CLANG_WARN_UNREACHABLE_CODE = YES;
				CLANG_WARN__DUPLICATE_METHOD_MATCH = YES;
				COPY_PHASE_STRIP = NO;
				DEBUG_INFORMATION_FORMAT = "dwarf-with-dsym";
				ENABLE_NS_ASSERTIONS = NO;
				ENABLE_STRICT_OBJC_MSGSEND = YES;
				GCC_C_LANGUAGE_STANDARD = gnu11;
				GCC_NO_COMMON_BLOCKS = YES;
				GCC_WARN_64_TO_32_BIT_CONVERSION = YES;
				GCC_WARN_ABOUT_RETURN_TYPE = YES_ERROR;
				GCC_WARN_UNDECLARED_SELECTOR = YES;
				GCC_WARN_UNINITIALIZED_AUTOS = YES_AGGRESSIVE;
				GCC_WARN_UNUSED_FUNCTION = YES;
				GCC_WARN_UNUSED_VARIABLE = YES;
				MTL_ENABLE_DEBUG_INFO = NO;
				MTL_FAST_MATH = YES;
				SWIFT_COMPILATION_MODE = wholemodule;
				SWIFT_OPTIMIZATION_LEVEL = "-O";
			};
			name = Release;
		};
		D7AEFFDB279705730009816A /* Debug */ = {
			isa = XCBuildConfiguration;
			buildSettings = {
				ASSETCATALOG_COMPILER_APPICON_NAME = AppIcon;
				ASSETCATALOG_COMPILER_GLOBAL_ACCENT_COLOR_NAME = AccentColor;
				CODE_SIGN_STYLE = Automatic;
				CURRENT_PROJECT_VERSION = 1;
				DEVELOPMENT_TEAM = GLLK6ZL2B5;
				ENABLE_PREVIEWS = YES;
				GENERATE_INFOPLIST_FILE = YES;
				INFOPLIST_KEY_UIApplicationSceneManifest_Generation = YES;
				INFOPLIST_KEY_UIApplicationSupportsIndirectInputEvents = YES;
				INFOPLIST_KEY_UILaunchScreen_Generation = YES;
				INFOPLIST_KEY_UISupportedInterfaceOrientations_iPad = "UIInterfaceOrientationPortrait UIInterfaceOrientationPortraitUpsideDown UIInterfaceOrientationLandscapeLeft UIInterfaceOrientationLandscapeRight";
				INFOPLIST_KEY_UISupportedInterfaceOrientations_iPhone = "UIInterfaceOrientationPortrait UIInterfaceOrientationLandscapeLeft UIInterfaceOrientationLandscapeRight";
				IPHONEOS_DEPLOYMENT_TARGET = 15.2;
				LD_RUNPATH_SEARCH_PATHS = (
					"$(inherited)",
					"@executable_path/Frameworks",
				);
				MARKETING_VERSION = 1.0;
				PRODUCT_BUNDLE_IDENTIFIER = ca.benjaminfreeman.TrkrMultiPlatform;
				PRODUCT_NAME = TrkrMultiPlatform;
				SDKROOT = iphoneos;
				SWIFT_EMIT_LOC_STRINGS = YES;
				SWIFT_VERSION = 5.0;
				TARGETED_DEVICE_FAMILY = "1,2";
			};
			name = Debug;
		};
		D7AEFFDC279705730009816A /* Release */ = {
			isa = XCBuildConfiguration;
			buildSettings = {
				ASSETCATALOG_COMPILER_APPICON_NAME = AppIcon;
				ASSETCATALOG_COMPILER_GLOBAL_ACCENT_COLOR_NAME = AccentColor;
				CODE_SIGN_STYLE = Automatic;
				CURRENT_PROJECT_VERSION = 1;
				DEVELOPMENT_TEAM = GLLK6ZL2B5;
				ENABLE_PREVIEWS = YES;
				GENERATE_INFOPLIST_FILE = YES;
				INFOPLIST_KEY_UIApplicationSceneManifest_Generation = YES;
				INFOPLIST_KEY_UIApplicationSupportsIndirectInputEvents = YES;
				INFOPLIST_KEY_UILaunchScreen_Generation = YES;
				INFOPLIST_KEY_UISupportedInterfaceOrientations_iPad = "UIInterfaceOrientationPortrait UIInterfaceOrientationPortraitUpsideDown UIInterfaceOrientationLandscapeLeft UIInterfaceOrientationLandscapeRight";
				INFOPLIST_KEY_UISupportedInterfaceOrientations_iPhone = "UIInterfaceOrientationPortrait UIInterfaceOrientationLandscapeLeft UIInterfaceOrientationLandscapeRight";
				IPHONEOS_DEPLOYMENT_TARGET = 15.2;
				LD_RUNPATH_SEARCH_PATHS = (
					"$(inherited)",
					"@executable_path/Frameworks",
				);
				MARKETING_VERSION = 1.0;
				PRODUCT_BUNDLE_IDENTIFIER = ca.benjaminfreeman.TrkrMultiPlatform;
				PRODUCT_NAME = TrkrMultiPlatform;
				SDKROOT = iphoneos;
				SWIFT_EMIT_LOC_STRINGS = YES;
				SWIFT_VERSION = 5.0;
				TARGETED_DEVICE_FAMILY = "1,2";
				VALIDATE_PRODUCT = YES;
			};
			name = Release;
		};
		D7AEFFDE279705730009816A /* Debug */ = {
			isa = XCBuildConfiguration;
			buildSettings = {
				ASSETCATALOG_COMPILER_APPICON_NAME = AppIcon;
				ASSETCATALOG_COMPILER_GLOBAL_ACCENT_COLOR_NAME = AccentColor;
				CODE_SIGN_ENTITLEMENTS = macOS/macOS.entitlements;
				CODE_SIGN_STYLE = Automatic;
				COMBINE_HIDPI_IMAGES = YES;
				CURRENT_PROJECT_VERSION = 1;
				DEVELOPMENT_TEAM = GLLK6ZL2B5;
				ENABLE_HARDENED_RUNTIME = YES;
				ENABLE_PREVIEWS = YES;
				GENERATE_INFOPLIST_FILE = YES;
				INFOPLIST_KEY_NSHumanReadableCopyright = "";
				LD_RUNPATH_SEARCH_PATHS = (
					"$(inherited)",
					"@executable_path/../Frameworks",
				);
				MACOSX_DEPLOYMENT_TARGET = 12.1;
				MARKETING_VERSION = 1.0;
				PRODUCT_BUNDLE_IDENTIFIER = ca.benjaminfreeman.TrkrMultiPlatform;
				PRODUCT_NAME = TrkrMultiPlatform;
				SDKROOT = macosx;
				SWIFT_EMIT_LOC_STRINGS = YES;
				SWIFT_VERSION = 5.0;
			};
			name = Debug;
		};
		D7AEFFDF279705730009816A /* Release */ = {
			isa = XCBuildConfiguration;
			buildSettings = {
				ASSETCATALOG_COMPILER_APPICON_NAME = AppIcon;
				ASSETCATALOG_COMPILER_GLOBAL_ACCENT_COLOR_NAME = AccentColor;
				CODE_SIGN_ENTITLEMENTS = macOS/macOS.entitlements;
				CODE_SIGN_STYLE = Automatic;
				COMBINE_HIDPI_IMAGES = YES;
				CURRENT_PROJECT_VERSION = 1;
				DEVELOPMENT_TEAM = GLLK6ZL2B5;
				ENABLE_HARDENED_RUNTIME = YES;
				ENABLE_PREVIEWS = YES;
				GENERATE_INFOPLIST_FILE = YES;
				INFOPLIST_KEY_NSHumanReadableCopyright = "";
				LD_RUNPATH_SEARCH_PATHS = (
					"$(inherited)",
					"@executable_path/../Frameworks",
				);
				MACOSX_DEPLOYMENT_TARGET = 12.1;
				MARKETING_VERSION = 1.0;
				PRODUCT_BUNDLE_IDENTIFIER = ca.benjaminfreeman.TrkrMultiPlatform;
				PRODUCT_NAME = TrkrMultiPlatform;
				SDKROOT = macosx;
				SWIFT_EMIT_LOC_STRINGS = YES;
				SWIFT_VERSION = 5.0;
			};
			name = Release;
		};
/* End XCBuildConfiguration section */

/* Begin XCConfigurationList section */
		D7AEFFC0279705690009816A /* Build configuration list for PBXProject "TrkrMultiPlatform" */ = {
			isa = XCConfigurationList;
			buildConfigurations = (
				D7AEFFD8279705730009816A /* Debug */,
				D7AEFFD9279705730009816A /* Release */,
			);
			defaultConfigurationIsVisible = 0;
			defaultConfigurationName = Release;
		};
		D7AEFFDA279705730009816A /* Build configuration list for PBXNativeTarget "TrkrMultiPlatform (iOS)" */ = {
			isa = XCConfigurationList;
			buildConfigurations = (
				D7AEFFDB279705730009816A /* Debug */,
				D7AEFFDC279705730009816A /* Release */,
			);
			defaultConfigurationIsVisible = 0;
			defaultConfigurationName = Release;
		};
		D7AEFFDD279705730009816A /* Build configuration list for PBXNativeTarget "TrkrMultiPlatform (macOS)" */ = {
			isa = XCConfigurationList;
			buildConfigurations = (
				D7AEFFDE279705730009816A /* Debug */,
				D7AEFFDF279705730009816A /* Release */,
			);
			defaultConfigurationIsVisible = 0;
			defaultConfigurationName = Release;
		};
/* End XCConfigurationList section */
	};
	rootObject = D7AEFFBD279705690009816A /* Project object */;
}
